
Microsoft Visual Studio Solution File, Format Version 12.00
# Visual Studio Version 16
VisualStudioVersion = 16.0.32002.261
MinimumVisualStudioVersion = 10.0.40219.1
Project("{FAE04EC0-301F-11D3-BF4B-00C04F79EFBC}") = "ConsoleApp1", "ConsoleApp1\ConsoleApp1.csproj", "{14C31C5D-048F-4B77-BB4B-34D231D6C6E6}"
EndProject
Global
	GlobalSection(SolutionConfigurationPlatforms) = preSolution
		Debug|Any CPU = Debug|Any CPU
		Release|Any CPU = Release|Any CPU
	EndGlobalSection
	GlobalSection(ProjectConfigurationPlatforms) = postSolution
		{14C31C5D-048F-4B77-BB4B-34D231D6C6E6}.Debug|Any CPU.ActiveCfg = Debug|Any CPU
		{14C31C5D-048F-4B77-BB4B-34D231D6C6E6}.Debug|Any CPU.Build.0 = Debug|Any CPU
		{14C31C5D-048F-4B77-BB4B-34D231D6C6E6}.Release|Any CPU.ActiveCfg = Release|Any CPU
		{14C31C5D-048F-4B77-BB4B-34D231D6C6E6}.Release|Any CPU.Build.0 = Release|Any CPU
	EndGlobalSection
	GlobalSection(SolutionProperties) = preSolution
		HideSolutionNode = FALSE
	EndGlobalSection
	GlobalSection(ExtensibilityGlobals) = postSolution
		SolutionGuid = {D71E0FFC-BBFC-4646-B93D-2AA70CE80CF5}
	EndGlobalSection
EndGlobal
